// !$*UTF8*$!
{
	archiveVersion = 1;
	classes = {
	};
	objectVersion = 50;
	objects = {

/* Begin PBXBuildFile section */
		85C8E4E921332174000063CA /* AppDelegate.swift in Sources */ = {isa = PBXBuildFile; fileRef = 85C8E4E821332174000063CA /* AppDelegate.swift */; };
		85C8E4EB21332174000063CA /* ViewController.swift in Sources */ = {isa = PBXBuildFile; fileRef = 85C8E4EA21332174000063CA /* ViewController.swift */; };
		85C8E4EE21332174000063CA /* Main.storyboard in Resources */ = {isa = PBXBuildFile; fileRef = 85C8E4EC21332174000063CA /* Main.storyboard */; };
		85C8E4F021332176000063CA /* Assets.xcassets in Resources */ = {isa = PBXBuildFile; fileRef = 85C8E4EF21332176000063CA /* Assets.xcassets */; };
		85C8E4F321332176000063CA /* LaunchScreen.storyboard in Resources */ = {isa = PBXBuildFile; fileRef = 85C8E4F121332176000063CA /* LaunchScreen.storyboard */; };
		85C8E4FB213323C8000063CA /* CustomTableViewCell.swift in Sources */ = {isa = PBXBuildFile; fileRef = 85C8E4FA213323C8000063CA /* CustomTableViewCell.swift */; };
		85C8E4FD21332512000063CA /* Movie.swift in Sources */ = {isa = PBXBuildFile; fileRef = 85C8E4FC21332512000063CA /* Movie.swift */; };
		85C8E4FF21346EA2000063CA /* SearchViewController.swift in Sources */ = {isa = PBXBuildFile; fileRef = 85C8E4FE21346EA2000063CA /* SearchViewController.swift */; };
		85C8E50121372740000063CA /* HTTPHandler.swift in Sources */ = {isa = PBXBuildFile; fileRef = 85C8E5002137273F000063CA /* HTTPHandler.swift */; };
		85C8E5032137274F000063CA /* JSONParser.swift in Sources */ = {isa = PBXBuildFile; fileRef = 85C8E5022137274F000063CA /* JSONParser.swift */; };
		85C8E5052137275C000063CA /* MovieDataProcessor.swift in Sources */ = {isa = PBXBuildFile; fileRef = 85C8E5042137275C000063CA /* MovieDataProcessor.swift */; };
		85C8E507213AC5A3000063CA /* ApiKeys.swift in Sources */ = {isa = PBXBuildFile; fileRef = 85C8E506213AC5A3000063CA /* ApiKeys.swift */; };
		85C8E509213AC5E7000063CA /* Keys.plist in Resources */ = {isa = PBXBuildFile; fileRef = 85C8E508213AC5E7000063CA /* Keys.plist */; };
/* End PBXBuildFile section */

/* Begin PBXFileReference section */
		85C8E4E521332174000063CA /* movie-app.app */ = {isa = PBXFileReference; explicitFileType = wrapper.application; includeInIndex = 0; path = "movie-app.app"; sourceTree = BUILT_PRODUCTS_DIR; };
		85C8E4E821332174000063CA /* AppDelegate.swift */ = {isa = PBXFileReference; lastKnownFileType = sourcecode.swift; path = AppDelegate.swift; sourceTree = "<group>"; };
		85C8E4EA21332174000063CA /* ViewController.swift */ = {isa = PBXFileReference; lastKnownFileType = sourcecode.swift; path = ViewController.swift; sourceTree = "<group>"; };
		85C8E4ED21332174000063CA /* Base */ = {isa = PBXFileReference; lastKnownFileType = file.storyboard; name = Base; path = Base.lproj/Main.storyboard; sourceTree = "<group>"; };
		85C8E4EF21332176000063CA /* Assets.xcassets */ = {isa = PBXFileReference; lastKnownFileType = folder.assetcatalog; path = Assets.xcassets; sourceTree = "<group>"; };
		85C8E4F221332176000063CA /* Base */ = {isa = PBXFileReference; lastKnownFileType = file.storyboard; name = Base; path = Base.lproj/LaunchScreen.storyboard; sourceTree = "<group>"; };
		85C8E4F421332176000063CA /* Info.plist */ = {isa = PBXFileReference; lastKnownFileType = text.plist.xml; path = Info.plist; sourceTree = "<group>"; };
		85C8E4FA213323C8000063CA /* CustomTableViewCell.swift */ = {isa = PBXFileReference; lastKnownFileType = sourcecode.swift; path = CustomTableViewCell.swift; sourceTree = "<group>"; };
		85C8E4FC21332512000063CA /* Movie.swift */ = {isa = PBXFileReference; lastKnownFileType = sourcecode.swift; path = Movie.swift; sourceTree = "<group>"; };
		85C8E4FE21346EA2000063CA /* SearchViewController.swift */ = {isa = PBXFileReference; lastKnownFileType = sourcecode.swift; path = SearchViewController.swift; sourceTree = "<group>"; };
		85C8E5002137273F000063CA /* HTTPHandler.swift */ = {isa = PBXFileReference; fileEncoding = 4; lastKnownFileType = sourcecode.swift; path = HTTPHandler.swift; sourceTree = "<group>"; };
		85C8E5022137274F000063CA /* JSONParser.swift */ = {isa = PBXFileReference; fileEncoding = 4; lastKnownFileType = sourcecode.swift; path = JSONParser.swift; sourceTree = "<group>"; };
		85C8E5042137275C000063CA /* MovieDataProcessor.swift */ = {isa = PBXFileReference; fileEncoding = 4; lastKnownFileType = sourcecode.swift; path = MovieDataProcessor.swift; sourceTree = "<group>"; };
		85C8E506213AC5A3000063CA /* ApiKeys.swift */ = {isa = PBXFileReference; lastKnownFileType = sourcecode.swift; path = ApiKeys.swift; sourceTree = "<group>"; };
		85C8E508213AC5E7000063CA /* Keys.plist */ = {isa = PBXFileReference; lastKnownFileType = text.plist.xml; path = Keys.plist; sourceTree = "<group>"; };
/* End PBXFileReference section */

/* Begin PBXFrameworksBuildPhase section */
		85C8E4E221332174000063CA /* Frameworks */ = {
			isa = PBXFrameworksBuildPhase;
			buildActionMask = 2147483647;
			files = (
			);
			runOnlyForDeploymentPostprocessing = 0;
		};
/* End PBXFrameworksBuildPhase section */

/* Begin PBXGroup section */
		85C8E4DC21332174000063CA = {
			isa = PBXGroup;
			children = (
				85C8E4E721332174000063CA /* movie-app */,
				85C8E4E621332174000063CA /* Products */,
			);
			sourceTree = "<group>";
		};
		85C8E4E621332174000063CA /* Products */ = {
			isa = PBXGroup;
			children = (
				85C8E4E521332174000063CA /* movie-app.app */,
			);
			name = Products;
			sourceTree = "<group>";
		};
		85C8E4E721332174000063CA /* movie-app */ = {
			isa = PBXGroup;
			children = (
				85C8E5042137275C000063CA /* MovieDataProcessor.swift */,
				85C8E5022137274F000063CA /* JSONParser.swift */,
				85C8E5002137273F000063CA /* HTTPHandler.swift */,
				85C8E4E821332174000063CA /* AppDelegate.swift */,
				85C8E4EA21332174000063CA /* ViewController.swift */,
				85C8E4EC21332174000063CA /* Main.storyboard */,
				85C8E4EF21332176000063CA /* Assets.xcassets */,
				85C8E4F121332176000063CA /* LaunchScreen.storyboard */,
				85C8E4F421332176000063CA /* Info.plist */,
				85C8E4FA213323C8000063CA /* CustomTableViewCell.swift */,
				85C8E4FC21332512000063CA /* Movie.swift */,
				85C8E4FE21346EA2000063CA /* SearchViewController.swift */,
				85C8E506213AC5A3000063CA /* ApiKeys.swift */,
				85C8E508213AC5E7000063CA /* Keys.plist */,
			);
			path = "movie-app";
			sourceTree = "<group>";
		};
/* End PBXGroup section */

/* Begin PBXNativeTarget section */
		85C8E4E421332174000063CA /* movie-app */ = {
			isa = PBXNativeTarget;
			buildConfigurationList = 85C8E4F721332176000063CA /* Build configuration list for PBXNativeTarget "movie-app" */;
			buildPhases = (
				85C8E4E121332174000063CA /* Sources */,
				85C8E4E221332174000063CA /* Frameworks */,
				85C8E4E321332174000063CA /* Resources */,
			);
			buildRules = (
			);
			dependencies = (
			);
			name = "movie-app";
			productName = "movie-app";
			productReference = 85C8E4E521332174000063CA /* movie-app.app */;
			productType = "com.apple.product-type.application";
		};
/* End PBXNativeTarget section */

/* Begin PBXProject section */
		85C8E4DD21332174000063CA /* Project object */ = {
			isa = PBXProject;
			attributes = {
				LastSwiftUpdateCheck = 0940;
				LastUpgradeCheck = 0940;
				ORGANIZATIONNAME = "Jani Laakso";
				TargetAttributes = {
					85C8E4E421332174000063CA = {
						CreatedOnToolsVersion = 9.4.1;
					};
				};
			};
			buildConfigurationList = 85C8E4E021332174000063CA /* Build configuration list for PBXProject "movie-app" */;
			compatibilityVersion = "Xcode 9.3";
			developmentRegion = en;
			hasScannedForEncodings = 0;
			knownRegions = (
				en,
				Base,
			);
			mainGroup = 85C8E4DC21332174000063CA;
			productRefGroup = 85C8E4E621332174000063CA /* Products */;
			projectDirPath = "";
			projectRoot = "";
			targets = (
				85C8E4E421332174000063CA /* movie-app */,
			);
		};
/* End PBXProject section */

/* Begin PBXResourcesBuildPhase section */
		85C8E4E321332174000063CA /* Resources */ = {
			isa = PBXResourcesBuildPhase;
			buildActionMask = 2147483647;
			files = (
				85C8E509213AC5E7000063CA /* Keys.plist in Resources */,
				85C8E4F321332176000063CA /* LaunchScreen.storyboard in Resources */,
				85C8E4F021332176000063CA /* Assets.xcassets in Resources */,
				85C8E4EE21332174000063CA /* Main.storyboard in Resources */,
			);
			runOnlyForDeploymentPostprocessing = 0;
		};
/* End PBXResourcesBuildPhase section */

/* Begin PBXSourcesBuildPhase section */
		85C8E4E121332174000063CA /* Sources */ = {
			isa = PBXSourcesBuildPhase;
			buildActionMask = 2147483647;
			files = (
				85C8E4FF21346EA2000063CA /* SearchViewController.swift in Sources */,
				85C8E4FB213323C8000063CA /* CustomTableViewCell.swift in Sources */,
				85C8E507213AC5A3000063CA /* ApiKeys.swift in Sources */,
				85C8E5032137274F000063CA /* JSONParser.swift in Sources */,
				85C8E4EB21332174000063CA /* ViewController.swift in Sources */,
				85C8E4FD21332512000063CA /* Movie.swift in Sources */,
				85C8E5052137275C000063CA /* MovieDataProcessor.swift in Sources */,
				85C8E50121372740000063CA /* HTTPHandler.swift in Sources */,
				85C8E4E921332174000063CA /* AppDelegate.swift in Sources */,
			);
			runOnlyForDeploymentPostprocessing = 0;
		};
/* End PBXSourcesBuildPhase section */

/* Begin PBXVariantGroup section */
		85C8E4EC21332174000063CA /* Main.storyboard */ = {
			isa = PBXVariantGroup;
			children = (
				85C8E4ED21332174000063CA /* Base */,
			);
			name = Main.storyboard;
			sourceTree = "<group>";
		};
		85C8E4F121332176000063CA /* LaunchScreen.storyboard */ = {
			isa = PBXVariantGroup;
			children = (
				85C8E4F221332176000063CA /* Base */,
			);
			name = LaunchScreen.storyboard;
			sourceTree = "<group>";
		};
/* End PBXVariantGroup section */

/* Begin XCBuildConfiguration section */
		85C8E4F521332176000063CA /* Debug */ = {
			isa = XCBuildConfiguration;
			buildSettings = {
				ALWAYS_SEARCH_USER_PATHS = NO;
				CLANG_ANALYZER_NONNULL = YES;
				CLANG_ANALYZER_NUMBER_OBJECT_CONVERSION = YES_AGGRESSIVE;
				CLANG_CXX_LANGUAGE_STANDARD = "gnu++14";
				CLANG_CXX_LIBRARY = "libc++";
				CLANG_ENABLE_MODULES = YES;
				CLANG_ENABLE_OBJC_ARC = YES;
				CLANG_ENABLE_OBJC_WEAK = YES;
				CLANG_WARN_BLOCK_CAPTURE_AUTORELEASING = YES;
				CLANG_WARN_BOOL_CONVERSION = YES;
				CLANG_WARN_COMMA = YES;
				CLANG_WARN_CONSTANT_CONVERSION = YES;
				CLANG_WARN_DEPRECATED_OBJC_IMPLEMENTATIONS = YES;
				CLANG_WARN_DIRECT_OBJC_ISA_USAGE = YES_ERROR;
				CLANG_WARN_DOCUMENTATION_COMMENTS = YES;
				CLANG_WARN_EMPTY_BODY = YES;
				CLANG_WARN_ENUM_CONVERSION = YES;
				CLANG_WARN_INFINITE_RECURSION = YES;
				CLANG_WARN_INT_CONVERSION = YES;
				CLANG_WARN_NON_LITERAL_NULL_CONVERSION = YES;
				CLANG_WARN_OBJC_IMPLICIT_RETAIN_SELF = YES;
				CLANG_WARN_OBJC_LITERAL_CONVERSION = YES;
				CLANG_WARN_OBJC_ROOT_CLASS = YES_ERROR;
				CLANG_WARN_RANGE_LOOP_ANALYSIS = YES;
				CLANG_WARN_STRICT_PROTOTYPES = YES;
				CLANG_WARN_SUSPICIOUS_MOVE = YES;
				CLANG_WARN_UNGUARDED_AVAILABILITY = YES_AGGRESSIVE;
				CLANG_WARN_UNREACHABLE_CODE = YES;
				CLANG_WARN__DUPLICATE_METHOD_MATCH = YES;
				CODE_SIGN_IDENTITY = "iPhone Developer";
				COPY_PHASE_STRIP = NO;
				DEBUG_INFORMATION_FORMAT = dwarf;
				ENABLE_STRICT_OBJC_MSGSEND = YES;
				ENABLE_TESTABILITY = YES;
				GCC_C_LANGUAGE_STANDARD = gnu11;
				GCC_DYNAMIC_NO_PIC = NO;
				GCC_NO_COMMON_BLOCKS = YES;
				GCC_OPTIMIZATION_LEVEL = 0;
				GCC_PREPROCESSOR_DEFINITIONS = (
					"DEBUG=1",
					"$(inherited)",
				);
				GCC_WARN_64_TO_32_BIT_CONVERSION = YES;
				GCC_WARN_ABOUT_RETURN_TYPE = YES_ERROR;
				GCC_WARN_UNDECLARED_SELECTOR = YES;
				GCC_WARN_UNINITIALIZED_AUTOS = YES_AGGRESSIVE;
				GCC_WARN_UNUSED_FUNCTION = YES;
				GCC_WARN_UNUSED_VARIABLE = YES;
				IPHONEOS_DEPLOYMENT_TARGET = 11.4;
				MTL_ENABLE_DEBUG_INFO = YES;
				ONLY_ACTIVE_ARCH = YES;
				SDKROOT = iphoneos;
				SWIFT_ACTIVE_COMPILATION_CONDITIONS = DEBUG;
				SWIFT_OPTIMIZATION_LEVEL = "-Onone";
			};
			name = Debug;
		};
		85C8E4F621332176000063CA /* Release */ = {
			isa = XCBuildConfiguration;
			buildSettings = {
				ALWAYS_SEARCH_USER_PATHS = NO;
				CLANG_ANALYZER_NONNULL = YES;
				CLANG_ANALYZER_NUMBER_OBJECT_CONVERSION = YES_AGGRESSIVE;
				CLANG_CXX_LANGUAGE_STANDARD = "gnu++14";
				CLANG_CXX_LIBRARY = "libc++";
				CLANG_ENABLE_MODULES = YES;
				CLANG_ENABLE_OBJC_ARC = YES;
				CLANG_ENABLE_OBJC_WEAK = YES;
				CLANG_WARN_BLOCK_CAPTURE_AUTORELEASING = YES;
				CLANG_WARN_BOOL_CONVERSION = YES;
				CLANG_WARN_COMMA = YES;
				CLANG_WARN_CONSTANT_CONVERSION = YES;
				CLANG_WARN_DEPRECATED_OBJC_IMPLEMENTATIONS = YES;
				CLANG_WARN_DIRECT_OBJC_ISA_USAGE = YES_ERROR;
				CLANG_WARN_DOCUMENTATION_COMMENTS = YES;
				CLANG_WARN_EMPTY_BODY = YES;
				CLANG_WARN_ENUM_CONVERSION = YES;
				CLANG_WARN_INFINITE_RECURSION = YES;
				CLANG_WARN_INT_CONVERSION = YES;
				CLANG_WARN_NON_LITERAL_NULL_CONVERSION = YES;
				CLANG_WARN_OBJC_IMPLICIT_RETAIN_SELF = YES;
				CLANG_WARN_OBJC_LITERAL_CONVERSION = YES;
				CLANG_WARN_OBJC_ROOT_CLASS = YES_ERROR;
				CLANG_WARN_RANGE_LOOP_ANALYSIS = YES;
				CLANG_WARN_STRICT_PROTOTYPES = YES;
				CLANG_WARN_SUSPICIOUS_MOVE = YES;
				CLANG_WARN_UNGUARDED_AVAILABILITY = YES_AGGRESSIVE;
				CLANG_WARN_UNREACHABLE_CODE = YES;
				CLANG_WARN__DUPLICATE_METHOD_MATCH = YES;
				CODE_SIGN_IDENTITY = "iPhone Developer";
				COPY_PHASE_STRIP = NO;
				DEBUG_INFORMATION_FORMAT = "dwarf-with-dsym";
				ENABLE_NS_ASSERTIONS = NO;
				ENABLE_STRICT_OBJC_MSGSEND = YES;
				GCC_C_LANGUAGE_STANDARD = gnu11;
				GCC_NO_COMMON_BLOCKS = YES;
				GCC_WARN_64_TO_32_BIT_CONVERSION = YES;
				GCC_WARN_ABOUT_RETURN_TYPE = YES_ERROR;
				GCC_WARN_UNDECLARED_SELECTOR = YES;
				GCC_WARN_UNINITIALIZED_AUTOS = YES_AGGRESSIVE;
				GCC_WARN_UNUSED_FUNCTION = YES;
				GCC_WARN_UNUSED_VARIABLE = YES;
				IPHONEOS_DEPLOYMENT_TARGET = 11.4;
				MTL_ENABLE_DEBUG_INFO = NO;
				SDKROOT = iphoneos;
				SWIFT_COMPILATION_MODE = wholemodule;
				SWIFT_OPTIMIZATION_LEVEL = "-O";
				VALIDATE_PRODUCT = YES;
			};
			name = Release;
		};
		85C8E4F821332176000063CA /* Debug */ = {
			isa = XCBuildConfiguration;
			buildSettings = {
				ASSETCATALOG_COMPILER_APPICON_NAME = AppIcon;
				CODE_SIGN_STYLE = Automatic;
				INFOPLIST_FILE = "movie-app/Info.plist";
				LD_RUNPATH_SEARCH_PATHS = (
					"$(inherited)",
					"@executable_path/Frameworks",
				);
				PRODUCT_BUNDLE_IDENTIFIER = "com.wmjalak.movie-app";
				PRODUCT_NAME = "$(TARGET_NAME)";
				SWIFT_VERSION = 4.0;
				TARGETED_DEVICE_FAMILY = "1,2";
			};
			name = Debug;
		};
		85C8E4F921332176000063CA /* Release */ = {
			isa = XCBuildConfiguration;
			buildSettings = {
				ASSETCATALOG_COMPILER_APPICON_NAME = AppIcon;
				CODE_SIGN_STYLE = Automatic;
				INFOPLIST_FILE = "movie-app/Info.plist";
				LD_RUNPATH_SEARCH_PATHS = (
					"$(inherited)",
					"@executable_path/Frameworks",
				);
				PRODUCT_BUNDLE_IDENTIFIER = "com.wmjalak.movie-app";
				PRODUCT_NAME = "$(TARGET_NAME)";
				SWIFT_VERSION = 4.0;
				TARGETED_DEVICE_FAMILY = "1,2";
			};
			name = Release;
		};
/* End XCBuildConfiguration section */

/* Begin XCConfigurationList section */
		85C8E4E021332174000063CA /* Build configuration list for PBXProject "movie-app" */ = {
			isa = XCConfigurationList;
			buildConfigurations = (
				85C8E4F521332176000063CA /* Debug */,
				85C8E4F621332176000063CA /* Release */,
			);
			defaultConfigurationIsVisible = 0;
			defaultConfigurationName = Release;
		};
		85C8E4F721332176000063CA /* Build configuration list for PBXNativeTarget "movie-app" */ = {
			isa = XCConfigurationList;
			buildConfigurations = (
				85C8E4F821332176000063CA /* Debug */,
				85C8E4F921332176000063CA /* Release */,
			);
			defaultConfigurationIsVisible = 0;
			defaultConfigurationName = Release;
		};
/* End XCConfigurationList section */
	};
	rootObject = 85C8E4DD21332174000063CA /* Project object */;
}
